
Microsoft Visual Studio Solution File, Format Version 12.00
# Visual Studio Version 16
VisualStudioVersion = 16.0.30717.126
MinimumVisualStudioVersion = 10.0.40219.1
Project("{FAE04EC0-301F-11D3-BF4B-00C04F79EFBC}") = "DbLOL", "DbLOL\DbLOL.csproj", "{4F4A0951-1F0F-40D2-9E97-7014BF0F7EB7}"
EndProject
Global
	GlobalSection(SolutionConfigurationPlatforms) = preSolution
		Debug|Any CPU = Debug|Any CPU
		Release|Any CPU = Release|Any CPU
	EndGlobalSection
	GlobalSection(ProjectConfigurationPlatforms) = postSolution
		{4F4A0951-1F0F-40D2-9E97-7014BF0F7EB7}.Debug|Any CPU.ActiveCfg = Debug|Any CPU
		{4F4A0951-1F0F-40D2-9E97-7014BF0F7EB7}.Debug|Any CPU.Build.0 = Debug|Any CPU
		{4F4A0951-1F0F-40D2-9E97-7014BF0F7EB7}.Release|Any CPU.ActiveCfg = Release|Any CPU
		{4F4A0951-1F0F-40D2-9E97-7014BF0F7EB7}.Release|Any CPU.Build.0 = Release|Any CPU
	EndGlobalSection
	GlobalSection(SolutionProperties) = preSolution
		HideSolutionNode = FALSE
	EndGlobalSection
	GlobalSection(ExtensibilityGlobals) = postSolution
		SolutionGuid = {FA06CE66-A8BF-4B19-AD34-27445E252F66}
	EndGlobalSection
EndGlobal
